{
  "requires": true,
  "lockfileVersion": 1,
  "dependencies": {
    "validate.io-array": {
      "version": "1.0.6",
      "resolved": "https://registry.npmjs.org/validate.io-array/-/validate.io-array-1.0.6.tgz",
      "integrity": "sha1-W1osr9j4uFq7L4hroVPy2Tond00="
    },
    "validate.io-number": {
      "version": "1.0.3",
      "resolved": "https://registry.npmjs.org/validate.io-number/-/validate.io-number-1.0.3.tgz",
      "integrity": "sha1-9j/+2iSL8opnqNSODjtGGhZluvg="
    },
    "validate.io-number-array-max": {
      "version": "1.0.1",
      "resolved": "https://registry.npmjs.org/validate.io-number-array-max/-/validate.io-number-array-max-1.0.1.tgz",
      "integrity": "sha1-5FtYCjGL0lje5oHWB7dwULtTWwA=",
      "requires": {
        "validate.io-array": "^1.0.3",
        "validate.io-number": "^1.0.3"
      }
    }
  }
}
